
Microsoft Visual Studio Solution File, Format Version 12.00
# Visual Studio Version 17
VisualStudioVersion = 17.0.31903.59
MinimumVisualStudioVersion = 10.0.40219.1
Project("{2150E333-8FDC-42A3-9474-1A3956D46DE8}") = "FrontEnd", "FrontEnd", "{6705F010-557E-4260-8E30-C72D2BE7A43F}"
EndProject
Project("{9A19103F-16F7-4668-BE54-9A1E7A4F7556}") = "GeekShopping.Web", "FrontEnd\GeekShopping.Web\GeekShopping.Web.csproj", "{82E6B039-B4CA-4785-8365-0A02F33EDE8F}"
	ProjectSection(ProjectDependencies) = postProject
		{C07A9B27-A200-4738-8423-55542B4D8708} = {C07A9B27-A200-4738-8423-55542B4D8708}
	EndProjectSection
EndProject
Project("{2150E333-8FDC-42A3-9474-1A3956D46DE8}") = "Services", "Services", "{3FF9591A-8682-4EA4-B7DE-3353FC2550F3}"
EndProject
Project("{9A19103F-16F7-4668-BE54-9A1E7A4F7556}") = "GeekShopping.ProductAPI", "Services\GeekShopping.ProductAPI\GeekShopping.ProductAPI.csproj", "{C07A9B27-A200-4738-8423-55542B4D8708}"
EndProject
Global
	GlobalSection(SolutionConfigurationPlatforms) = preSolution
		Debug|Any CPU = Debug|Any CPU
		Release|Any CPU = Release|Any CPU
	EndGlobalSection
	GlobalSection(ProjectConfigurationPlatforms) = postSolution
		{82E6B039-B4CA-4785-8365-0A02F33EDE8F}.Debug|Any CPU.ActiveCfg = Debug|Any CPU
		{82E6B039-B4CA-4785-8365-0A02F33EDE8F}.Debug|Any CPU.Build.0 = Debug|Any CPU
		{82E6B039-B4CA-4785-8365-0A02F33EDE8F}.Release|Any CPU.ActiveCfg = Release|Any CPU
		{82E6B039-B4CA-4785-8365-0A02F33EDE8F}.Release|Any CPU.Build.0 = Release|Any CPU
		{C07A9B27-A200-4738-8423-55542B4D8708}.Debug|Any CPU.ActiveCfg = Debug|Any CPU
		{C07A9B27-A200-4738-8423-55542B4D8708}.Debug|Any CPU.Build.0 = Debug|Any CPU
		{C07A9B27-A200-4738-8423-55542B4D8708}.Release|Any CPU.ActiveCfg = Release|Any CPU
		{C07A9B27-A200-4738-8423-55542B4D8708}.Release|Any CPU.Build.0 = Release|Any CPU
	EndGlobalSection
	GlobalSection(SolutionProperties) = preSolution
		HideSolutionNode = FALSE
	EndGlobalSection
	GlobalSection(NestedProjects) = preSolution
		{82E6B039-B4CA-4785-8365-0A02F33EDE8F} = {6705F010-557E-4260-8E30-C72D2BE7A43F}
		{C07A9B27-A200-4738-8423-55542B4D8708} = {3FF9591A-8682-4EA4-B7DE-3353FC2550F3}
	EndGlobalSection
	GlobalSection(ExtensibilityGlobals) = postSolution
		SolutionGuid = {AB62C859-CCD2-49D3-BDC4-55BE3D95647A}
	EndGlobalSection
EndGlobal
